
Microsoft Visual Studio Solution File, Format Version 12.00
# Visual Studio Version 16
VisualStudioVersion = 16.0.29613.14
MinimumVisualStudioVersion = 10.0.40219.1
Project("{9A19103F-16F7-4668-BE54-9A1E7A4F7556}") = "PdfDocuments", "Library\PdfDocuments\PdfDocuments.csproj", "{DCF59F46-6C16-4F23-A91F-B9225020E0EA}"
EndProject
Project("{2150E333-8FDC-42A3-9474-1A3956D46DE8}") = "Example", "Example", "{AC42D50A-E362-4641-B262-DCAB5D7963DC}"
EndProject
Project("{2150E333-8FDC-42A3-9474-1A3956D46DE8}") = "Shared", "Shared", "{0E01435B-A75C-4C1C-AEB1-511B4A647790}"
EndProject
Project("{9A19103F-16F7-4668-BE54-9A1E7A4F7556}") = "PdfDocuments.Abstractions", "Library\PdfDocuments.Abstractions\PdfDocuments.Abstractions.csproj", "{03318678-2ECC-456E-B1E2-9CDE576DAF31}"
EndProject
Project("{9A19103F-16F7-4668-BE54-9A1E7A4F7556}") = "PdfDocuments.Barcode.Abstractions", "Library\PdfDocuments.BarcodeGenerator\PdfDocuments.Barcode.Abstractions.csproj", "{82FDD8A8-1421-493B-A302-4F4F79607B01}"
EndProject
Project("{9A19103F-16F7-4668-BE54-9A1E7A4F7556}") = "PdfDocuments.IronBarcode", "Library\PdfDocuments.IronBarcode\PdfDocuments.IronBarcode.csproj", "{59D8E5BF-B3AE-4AE3-BA2D-C6C3AFE7C86B}"
EndProject
Project("{9A19103F-16F7-4668-BE54-9A1E7A4F7556}") = "PdfDocuments.Example.Invoice", "Examples\PdfDocuments.Example.Invoice\PdfDocuments.Example.Invoice.csproj", "{87004033-73BF-4A8E-AE9E-1CB9087CB2F2}"
EndProject
Project("{FAE04EC0-301F-11D3-BF4B-00C04F79EFBC}") = "PdfDocuments.Example.Simple", "Examples\PdfDocuments.Example.Simple\PdfDocuments.Example.Simple.csproj", "{DA0D7FEF-27E6-4AC0-BE3B-4E4E2E730AF6}"
EndProject
Project("{FAE04EC0-301F-11D3-BF4B-00C04F79EFBC}") = "PdfDocuments.Example.Shared", "Examples\PdfDocuments.Example.Shared\PdfDocuments.Example.Shared.csproj", "{53238AB9-6950-495D-A073-50293BC04D28}"
EndProject
Global
	GlobalSection(SolutionConfigurationPlatforms) = preSolution
		Debug|Any CPU = Debug|Any CPU
		Release|Any CPU = Release|Any CPU
	EndGlobalSection
	GlobalSection(ProjectConfigurationPlatforms) = postSolution
		{DCF59F46-6C16-4F23-A91F-B9225020E0EA}.Debug|Any CPU.ActiveCfg = Debug|Any CPU
		{DCF59F46-6C16-4F23-A91F-B9225020E0EA}.Debug|Any CPU.Build.0 = Debug|Any CPU
		{DCF59F46-6C16-4F23-A91F-B9225020E0EA}.Release|Any CPU.ActiveCfg = Release|Any CPU
		{DCF59F46-6C16-4F23-A91F-B9225020E0EA}.Release|Any CPU.Build.0 = Release|Any CPU
		{03318678-2ECC-456E-B1E2-9CDE576DAF31}.Debug|Any CPU.ActiveCfg = Debug|Any CPU
		{03318678-2ECC-456E-B1E2-9CDE576DAF31}.Debug|Any CPU.Build.0 = Debug|Any CPU
		{03318678-2ECC-456E-B1E2-9CDE576DAF31}.Release|Any CPU.ActiveCfg = Release|Any CPU
		{03318678-2ECC-456E-B1E2-9CDE576DAF31}.Release|Any CPU.Build.0 = Release|Any CPU
		{82FDD8A8-1421-493B-A302-4F4F79607B01}.Debug|Any CPU.ActiveCfg = Debug|Any CPU
		{82FDD8A8-1421-493B-A302-4F4F79607B01}.Debug|Any CPU.Build.0 = Debug|Any CPU
		{82FDD8A8-1421-493B-A302-4F4F79607B01}.Release|Any CPU.ActiveCfg = Release|Any CPU
		{82FDD8A8-1421-493B-A302-4F4F79607B01}.Release|Any CPU.Build.0 = Release|Any CPU
		{59D8E5BF-B3AE-4AE3-BA2D-C6C3AFE7C86B}.Debug|Any CPU.ActiveCfg = Debug|Any CPU
		{59D8E5BF-B3AE-4AE3-BA2D-C6C3AFE7C86B}.Debug|Any CPU.Build.0 = Debug|Any CPU
		{59D8E5BF-B3AE-4AE3-BA2D-C6C3AFE7C86B}.Release|Any CPU.ActiveCfg = Release|Any CPU
		{59D8E5BF-B3AE-4AE3-BA2D-C6C3AFE7C86B}.Release|Any CPU.Build.0 = Release|Any CPU
		{87004033-73BF-4A8E-AE9E-1CB9087CB2F2}.Debug|Any CPU.ActiveCfg = Debug|Any CPU
		{87004033-73BF-4A8E-AE9E-1CB9087CB2F2}.Debug|Any CPU.Build.0 = Debug|Any CPU
		{87004033-73BF-4A8E-AE9E-1CB9087CB2F2}.Release|Any CPU.ActiveCfg = Release|Any CPU
		{87004033-73BF-4A8E-AE9E-1CB9087CB2F2}.Release|Any CPU.Build.0 = Release|Any CPU
		{DA0D7FEF-27E6-4AC0-BE3B-4E4E2E730AF6}.Debug|Any CPU.ActiveCfg = Debug|Any CPU
		{DA0D7FEF-27E6-4AC0-BE3B-4E4E2E730AF6}.Debug|Any CPU.Build.0 = Debug|Any CPU
		{DA0D7FEF-27E6-4AC0-BE3B-4E4E2E730AF6}.Release|Any CPU.ActiveCfg = Release|Any CPU
		{DA0D7FEF-27E6-4AC0-BE3B-4E4E2E730AF6}.Release|Any CPU.Build.0 = Release|Any CPU
		{53238AB9-6950-495D-A073-50293BC04D28}.Debug|Any CPU.ActiveCfg = Debug|Any CPU
		{53238AB9-6950-495D-A073-50293BC04D28}.Debug|Any CPU.Build.0 = Debug|Any CPU
		{53238AB9-6950-495D-A073-50293BC04D28}.Release|Any CPU.ActiveCfg = Release|Any CPU
		{53238AB9-6950-495D-A073-50293BC04D28}.Release|Any CPU.Build.0 = Release|Any CPU
	EndGlobalSection
	GlobalSection(SolutionProperties) = preSolution
		HideSolutionNode = FALSE
	EndGlobalSection
	GlobalSection(NestedProjects) = preSolution
		{DCF59F46-6C16-4F23-A91F-B9225020E0EA} = {0E01435B-A75C-4C1C-AEB1-511B4A647790}
		{03318678-2ECC-456E-B1E2-9CDE576DAF31} = {0E01435B-A75C-4C1C-AEB1-511B4A647790}
		{82FDD8A8-1421-493B-A302-4F4F79607B01} = {0E01435B-A75C-4C1C-AEB1-511B4A647790}
		{59D8E5BF-B3AE-4AE3-BA2D-C6C3AFE7C86B} = {0E01435B-A75C-4C1C-AEB1-511B4A647790}
		{87004033-73BF-4A8E-AE9E-1CB9087CB2F2} = {AC42D50A-E362-4641-B262-DCAB5D7963DC}
		{DA0D7FEF-27E6-4AC0-BE3B-4E4E2E730AF6} = {AC42D50A-E362-4641-B262-DCAB5D7963DC}
		{53238AB9-6950-495D-A073-50293BC04D28} = {AC42D50A-E362-4641-B262-DCAB5D7963DC}
	EndGlobalSection
	GlobalSection(ExtensibilityGlobals) = postSolution
		SolutionGuid = {F19357BE-E54D-4CEE-B553-A94A933EBE66}
	EndGlobalSection
EndGlobal
