
Microsoft Visual Studio Solution File, Format Version 12.00
# Visual Studio Version 18
VisualStudioVersion = 18.4.11612.150
MinimumVisualStudioVersion = 10.0.40219.1
Project("{9A19103F-16F7-4668-BE54-9A1E7A4F7556}") = "PdfDocuments", "Library\PdfDocuments\PdfDocuments.csproj", "{DCF59F46-6C16-4F23-A91F-B9225020E0EA}"
EndProject
Project("{2150E333-8FDC-42A3-9474-1A3956D46DE8}") = "Example", "Example", "{AC42D50A-E362-4641-B262-DCAB5D7963DC}"
EndProject
Project("{9A19103F-16F7-4668-BE54-9A1E7A4F7556}") = "PdfDocuments.IronBarcode", "Library\PdfDocuments.IronBarcode\PdfDocuments.IronBarcode.csproj", "{59D8E5BF-B3AE-4AE3-BA2D-C6C3AFE7C86B}"
EndProject
Project("{9A19103F-16F7-4668-BE54-9A1E7A4F7556}") = "PdfDocuments.Example.Invoice", "Examples\PdfDocuments.Example.Invoice\PdfDocuments.Example.Invoice.csproj", "{87004033-73BF-4A8E-AE9E-1CB9087CB2F2}"
EndProject
Project("{9A19103F-16F7-4668-BE54-9A1E7A4F7556}") = "PdfDocuments.Example.Simple", "Examples\PdfDocuments.Example.Simple\PdfDocuments.Example.Simple.csproj", "{DA0D7FEF-27E6-4AC0-BE3B-4E4E2E730AF6}"
EndProject
Project("{9A19103F-16F7-4668-BE54-9A1E7A4F7556}") = "PdfDocuments.Example.Shared", "Examples\PdfDocuments.Example.Shared\PdfDocuments.Example.Shared.csproj", "{53238AB9-6950-495D-A073-50293BC04D28}"
EndProject
Project("{FAE04EC0-301F-11D3-BF4B-00C04F79EFBC}") = "PdfDocuments.FontResolver.Windows", "Library\PdfDocuments.FontResolver.Windows\PdfDocuments.FontResolver.Windows.csproj", "{970D7DC1-5E60-2DAD-EE91-CABAE702A156}"
EndProject
Project("{FAE04EC0-301F-11D3-BF4B-00C04F79EFBC}") = "PdfDocuments.FontResolver.Folder", "Library\PdfDocuments.FontResolver.Folder\PdfDocuments.FontResolver.Folder.csproj", "{2930D77F-9EBE-F5A5-ECF2-3DB00222062A}"
EndProject
Project("{2150E333-8FDC-42A3-9474-1A3956D46DE8}") = "Tests", "Tests", "{0AB3BF05-4346-4AA6-1389-037BE0695223}"
EndProject
Project("{FAE04EC0-301F-11D3-BF4B-00C04F79EFBC}") = "PdfDocuments.Tests", "Tests\PdfDocuments.Tests\PdfDocuments.Tests.csproj", "{4540BACE-E390-4710-8339-7EB4F98150CC}"
EndProject
Project("{2150E333-8FDC-42A3-9474-1A3956D46DE8}") = "Library", "Library", "{50A17DA1-3556-4046-CEDC-33EB466D9C32}"
EndProject
Global
	GlobalSection(SolutionConfigurationPlatforms) = preSolution
		Debug|Any CPU = Debug|Any CPU
		Debug|x64 = Debug|x64
		Debug|x86 = Debug|x86
		Release|Any CPU = Release|Any CPU
		Release|x64 = Release|x64
		Release|x86 = Release|x86
	EndGlobalSection
	GlobalSection(ProjectConfigurationPlatforms) = postSolution
		{DCF59F46-6C16-4F23-A91F-B9225020E0EA}.Debug|Any CPU.ActiveCfg = Debug|Any CPU
		{DCF59F46-6C16-4F23-A91F-B9225020E0EA}.Debug|Any CPU.Build.0 = Debug|Any CPU
		{DCF59F46-6C16-4F23-A91F-B9225020E0EA}.Debug|x64.ActiveCfg = Debug|Any CPU
		{DCF59F46-6C16-4F23-A91F-B9225020E0EA}.Debug|x64.Build.0 = Debug|Any CPU
		{DCF59F46-6C16-4F23-A91F-B9225020E0EA}.Debug|x86.ActiveCfg = Debug|Any CPU
		{DCF59F46-6C16-4F23-A91F-B9225020E0EA}.Debug|x86.Build.0 = Debug|Any CPU
		{DCF59F46-6C16-4F23-A91F-B9225020E0EA}.Release|Any CPU.ActiveCfg = Release|Any CPU
		{DCF59F46-6C16-4F23-A91F-B9225020E0EA}.Release|Any CPU.Build.0 = Release|Any CPU
		{DCF59F46-6C16-4F23-A91F-B9225020E0EA}.Release|x64.ActiveCfg = Release|Any CPU
		{DCF59F46-6C16-4F23-A91F-B9225020E0EA}.Release|x64.Build.0 = Release|Any CPU
		{DCF59F46-6C16-4F23-A91F-B9225020E0EA}.Release|x86.ActiveCfg = Release|Any CPU
		{DCF59F46-6C16-4F23-A91F-B9225020E0EA}.Release|x86.Build.0 = Release|Any CPU
		{59D8E5BF-B3AE-4AE3-BA2D-C6C3AFE7C86B}.Debug|Any CPU.ActiveCfg = Debug|Any CPU
		{59D8E5BF-B3AE-4AE3-BA2D-C6C3AFE7C86B}.Debug|Any CPU.Build.0 = Debug|Any CPU
		{59D8E5BF-B3AE-4AE3-BA2D-C6C3AFE7C86B}.Debug|x64.ActiveCfg = Debug|Any CPU
		{59D8E5BF-B3AE-4AE3-BA2D-C6C3AFE7C86B}.Debug|x64.Build.0 = Debug|Any CPU
		{59D8E5BF-B3AE-4AE3-BA2D-C6C3AFE7C86B}.Debug|x86.ActiveCfg = Debug|Any CPU
		{59D8E5BF-B3AE-4AE3-BA2D-C6C3AFE7C86B}.Debug|x86.Build.0 = Debug|Any CPU
		{59D8E5BF-B3AE-4AE3-BA2D-C6C3AFE7C86B}.Release|Any CPU.ActiveCfg = Release|Any CPU
		{59D8E5BF-B3AE-4AE3-BA2D-C6C3AFE7C86B}.Release|Any CPU.Build.0 = Release|Any CPU
		{59D8E5BF-B3AE-4AE3-BA2D-C6C3AFE7C86B}.Release|x64.ActiveCfg = Release|Any CPU
		{59D8E5BF-B3AE-4AE3-BA2D-C6C3AFE7C86B}.Release|x64.Build.0 = Release|Any CPU
		{59D8E5BF-B3AE-4AE3-BA2D-C6C3AFE7C86B}.Release|x86.ActiveCfg = Release|Any CPU
		{59D8E5BF-B3AE-4AE3-BA2D-C6C3AFE7C86B}.Release|x86.Build.0 = Release|Any CPU
		{87004033-73BF-4A8E-AE9E-1CB9087CB2F2}.Debug|Any CPU.ActiveCfg = Debug|Any CPU
		{87004033-73BF-4A8E-AE9E-1CB9087CB2F2}.Debug|Any CPU.Build.0 = Debug|Any CPU
		{87004033-73BF-4A8E-AE9E-1CB9087CB2F2}.Debug|x64.ActiveCfg = Debug|Any CPU
		{87004033-73BF-4A8E-AE9E-1CB9087CB2F2}.Debug|x64.Build.0 = Debug|Any CPU
		{87004033-73BF-4A8E-AE9E-1CB9087CB2F2}.Debug|x86.ActiveCfg = Debug|Any CPU
		{87004033-73BF-4A8E-AE9E-1CB9087CB2F2}.Debug|x86.Build.0 = Debug|Any CPU
		{87004033-73BF-4A8E-AE9E-1CB9087CB2F2}.Release|Any CPU.ActiveCfg = Release|Any CPU
		{87004033-73BF-4A8E-AE9E-1CB9087CB2F2}.Release|Any CPU.Build.0 = Release|Any CPU
		{87004033-73BF-4A8E-AE9E-1CB9087CB2F2}.Release|x64.ActiveCfg = Release|Any CPU
		{87004033-73BF-4A8E-AE9E-1CB9087CB2F2}.Release|x64.Build.0 = Release|Any CPU
		{87004033-73BF-4A8E-AE9E-1CB9087CB2F2}.Release|x86.ActiveCfg = Release|Any CPU
		{87004033-73BF-4A8E-AE9E-1CB9087CB2F2}.Release|x86.Build.0 = Release|Any CPU
		{DA0D7FEF-27E6-4AC0-BE3B-4E4E2E730AF6}.Debug|Any CPU.ActiveCfg = Debug|Any CPU
		{DA0D7FEF-27E6-4AC0-BE3B-4E4E2E730AF6}.Debug|Any CPU.Build.0 = Debug|Any CPU
		{DA0D7FEF-27E6-4AC0-BE3B-4E4E2E730AF6}.Debug|x64.ActiveCfg = Debug|Any CPU
		{DA0D7FEF-27E6-4AC0-BE3B-4E4E2E730AF6}.Debug|x64.Build.0 = Debug|Any CPU
		{DA0D7FEF-27E6-4AC0-BE3B-4E4E2E730AF6}.Debug|x86.ActiveCfg = Debug|Any CPU
		{DA0D7FEF-27E6-4AC0-BE3B-4E4E2E730AF6}.Debug|x86.Build.0 = Debug|Any CPU
		{DA0D7FEF-27E6-4AC0-BE3B-4E4E2E730AF6}.Release|Any CPU.ActiveCfg = Release|Any CPU
		{DA0D7FEF-27E6-4AC0-BE3B-4E4E2E730AF6}.Release|Any CPU.Build.0 = Release|Any CPU
		{DA0D7FEF-27E6-4AC0-BE3B-4E4E2E730AF6}.Release|x64.ActiveCfg = Release|Any CPU
		{DA0D7FEF-27E6-4AC0-BE3B-4E4E2E730AF6}.Release|x64.Build.0 = Release|Any CPU
		{DA0D7FEF-27E6-4AC0-BE3B-4E4E2E730AF6}.Release|x86.ActiveCfg = Release|Any CPU
		{DA0D7FEF-27E6-4AC0-BE3B-4E4E2E730AF6}.Release|x86.Build.0 = Release|Any CPU
		{53238AB9-6950-495D-A073-50293BC04D28}.Debug|Any CPU.ActiveCfg = Debug|Any CPU
		{53238AB9-6950-495D-A073-50293BC04D28}.Debug|Any CPU.Build.0 = Debug|Any CPU
		{53238AB9-6950-495D-A073-50293BC04D28}.Debug|x64.ActiveCfg = Debug|Any CPU
		{53238AB9-6950-495D-A073-50293BC04D28}.Debug|x64.Build.0 = Debug|Any CPU
		{53238AB9-6950-495D-A073-50293BC04D28}.Debug|x86.ActiveCfg = Debug|Any CPU
		{53238AB9-6950-495D-A073-50293BC04D28}.Debug|x86.Build.0 = Debug|Any CPU
		{53238AB9-6950-495D-A073-50293BC04D28}.Release|Any CPU.ActiveCfg = Release|Any CPU
		{53238AB9-6950-495D-A073-50293BC04D28}.Release|Any CPU.Build.0 = Release|Any CPU
		{53238AB9-6950-495D-A073-50293BC04D28}.Release|x64.ActiveCfg = Release|Any CPU
		{53238AB9-6950-495D-A073-50293BC04D28}.Release|x64.Build.0 = Release|Any CPU
		{53238AB9-6950-495D-A073-50293BC04D28}.Release|x86.ActiveCfg = Release|Any CPU
		{53238AB9-6950-495D-A073-50293BC04D28}.Release|x86.Build.0 = Release|Any CPU
		{970D7DC1-5E60-2DAD-EE91-CABAE702A156}.Debug|Any CPU.ActiveCfg = Debug|Any CPU
		{970D7DC1-5E60-2DAD-EE91-CABAE702A156}.Debug|Any CPU.Build.0 = Debug|Any CPU
		{970D7DC1-5E60-2DAD-EE91-CABAE702A156}.Debug|x64.ActiveCfg = Debug|Any CPU
		{970D7DC1-5E60-2DAD-EE91-CABAE702A156}.Debug|x64.Build.0 = Debug|Any CPU
		{970D7DC1-5E60-2DAD-EE91-CABAE702A156}.Debug|x86.ActiveCfg = Debug|Any CPU
		{970D7DC1-5E60-2DAD-EE91-CABAE702A156}.Debug|x86.Build.0 = Debug|Any CPU
		{970D7DC1-5E60-2DAD-EE91-CABAE702A156}.Release|Any CPU.ActiveCfg = Release|Any CPU
		{970D7DC1-5E60-2DAD-EE91-CABAE702A156}.Release|Any CPU.Build.0 = Release|Any CPU
		{970D7DC1-5E60-2DAD-EE91-CABAE702A156}.Release|x64.ActiveCfg = Release|Any CPU
		{970D7DC1-5E60-2DAD-EE91-CABAE702A156}.Release|x64.Build.0 = Release|Any CPU
		{970D7DC1-5E60-2DAD-EE91-CABAE702A156}.Release|x86.ActiveCfg = Release|Any CPU
		{970D7DC1-5E60-2DAD-EE91-CABAE702A156}.Release|x86.Build.0 = Release|Any CPU
		{2930D77F-9EBE-F5A5-ECF2-3DB00222062A}.Debug|Any CPU.ActiveCfg = Debug|Any CPU
		{2930D77F-9EBE-F5A5-ECF2-3DB00222062A}.Debug|Any CPU.Build.0 = Debug|Any CPU
		{2930D77F-9EBE-F5A5-ECF2-3DB00222062A}.Debug|x64.ActiveCfg = Debug|Any CPU
		{2930D77F-9EBE-F5A5-ECF2-3DB00222062A}.Debug|x64.Build.0 = Debug|Any CPU
		{2930D77F-9EBE-F5A5-ECF2-3DB00222062A}.Debug|x86.ActiveCfg = Debug|Any CPU
		{2930D77F-9EBE-F5A5-ECF2-3DB00222062A}.Debug|x86.Build.0 = Debug|Any CPU
		{2930D77F-9EBE-F5A5-ECF2-3DB00222062A}.Release|Any CPU.ActiveCfg = Release|Any CPU
		{2930D77F-9EBE-F5A5-ECF2-3DB00222062A}.Release|Any CPU.Build.0 = Release|Any CPU
		{2930D77F-9EBE-F5A5-ECF2-3DB00222062A}.Release|x64.ActiveCfg = Release|Any CPU
		{2930D77F-9EBE-F5A5-ECF2-3DB00222062A}.Release|x64.Build.0 = Release|Any CPU
		{2930D77F-9EBE-F5A5-ECF2-3DB00222062A}.Release|x86.ActiveCfg = Release|Any CPU
		{2930D77F-9EBE-F5A5-ECF2-3DB00222062A}.Release|x86.Build.0 = Release|Any CPU
		{4540BACE-E390-4710-8339-7EB4F98150CC}.Debug|Any CPU.ActiveCfg = Debug|Any CPU
		{4540BACE-E390-4710-8339-7EB4F98150CC}.Debug|Any CPU.Build.0 = Debug|Any CPU
		{4540BACE-E390-4710-8339-7EB4F98150CC}.Debug|x64.ActiveCfg = Debug|Any CPU
		{4540BACE-E390-4710-8339-7EB4F98150CC}.Debug|x64.Build.0 = Debug|Any CPU
		{4540BACE-E390-4710-8339-7EB4F98150CC}.Debug|x86.ActiveCfg = Debug|Any CPU
		{4540BACE-E390-4710-8339-7EB4F98150CC}.Debug|x86.Build.0 = Debug|Any CPU
		{4540BACE-E390-4710-8339-7EB4F98150CC}.Release|Any CPU.ActiveCfg = Release|Any CPU
		{4540BACE-E390-4710-8339-7EB4F98150CC}.Release|Any CPU.Build.0 = Release|Any CPU
		{4540BACE-E390-4710-8339-7EB4F98150CC}.Release|x64.ActiveCfg = Release|Any CPU
		{4540BACE-E390-4710-8339-7EB4F98150CC}.Release|x64.Build.0 = Release|Any CPU
		{4540BACE-E390-4710-8339-7EB4F98150CC}.Release|x86.ActiveCfg = Release|Any CPU
		{4540BACE-E390-4710-8339-7EB4F98150CC}.Release|x86.Build.0 = Release|Any CPU
	EndGlobalSection
	GlobalSection(SolutionProperties) = preSolution
		HideSolutionNode = FALSE
	EndGlobalSection
	GlobalSection(NestedProjects) = preSolution
		{DCF59F46-6C16-4F23-A91F-B9225020E0EA} = {50A17DA1-3556-4046-CEDC-33EB466D9C32}
		{59D8E5BF-B3AE-4AE3-BA2D-C6C3AFE7C86B} = {50A17DA1-3556-4046-CEDC-33EB466D9C32}
		{87004033-73BF-4A8E-AE9E-1CB9087CB2F2} = {AC42D50A-E362-4641-B262-DCAB5D7963DC}
		{DA0D7FEF-27E6-4AC0-BE3B-4E4E2E730AF6} = {AC42D50A-E362-4641-B262-DCAB5D7963DC}
		{53238AB9-6950-495D-A073-50293BC04D28} = {AC42D50A-E362-4641-B262-DCAB5D7963DC}
		{970D7DC1-5E60-2DAD-EE91-CABAE702A156} = {50A17DA1-3556-4046-CEDC-33EB466D9C32}
		{2930D77F-9EBE-F5A5-ECF2-3DB00222062A} = {50A17DA1-3556-4046-CEDC-33EB466D9C32}
		{4540BACE-E390-4710-8339-7EB4F98150CC} = {0AB3BF05-4346-4AA6-1389-037BE0695223}
	EndGlobalSection
	GlobalSection(ExtensibilityGlobals) = postSolution
		SolutionGuid = {F19357BE-E54D-4CEE-B553-A94A933EBE66}
	EndGlobalSection
EndGlobal
